
Microsoft Visual Studio Solution File, Format Version 12.00
# Visual Studio 2013
VisualStudioVersion = 12.0.40629.0
MinimumVisualStudioVersion = 10.0.40219.1
Project("{FAE04EC0-301F-11D3-BF4B-00C04F79EFBC}") = "CrawlerApp", "CrawlerApp\CrawlerApp.csproj", "{C9296D9D-6CB5-41CD-8B22-F2B93F9258ED}"
EndProject
Project("{FAE04EC0-301F-11D3-BF4B-00C04F79EFBC}") = "CrawlerData", "CrawlerData\CrawlerData.csproj", "{8F9988DA-A114-4254-92A5-5BFE3BF572E9}"
EndProject
Project("{FAE04EC0-301F-11D3-BF4B-00C04F79EFBC}") = "CrawlerWebMVCApp", "CrawlerWebMVCApp\CrawlerWebMVCApp.csproj", "{BEBC8EC0-CC80-4C8C-AE57-8EFB8C6565DF}"
	ProjectSection(ProjectDependencies) = postProject
		{8F9988DA-A114-4254-92A5-5BFE3BF572E9} = {8F9988DA-A114-4254-92A5-5BFE3BF572E9}
	EndProjectSection
EndProject
Global
	GlobalSection(SolutionConfigurationPlatforms) = preSolution
		Debug|Any CPU = Debug|Any CPU
		Release|Any CPU = Release|Any CPU
	EndGlobalSection
	GlobalSection(ProjectConfigurationPlatforms) = postSolution
		{C9296D9D-6CB5-41CD-8B22-F2B93F9258ED}.Debug|Any CPU.ActiveCfg = Debug|Any CPU
		{C9296D9D-6CB5-41CD-8B22-F2B93F9258ED}.Debug|Any CPU.Build.0 = Debug|Any CPU
		{C9296D9D-6CB5-41CD-8B22-F2B93F9258ED}.Release|Any CPU.ActiveCfg = Release|Any CPU
		{C9296D9D-6CB5-41CD-8B22-F2B93F9258ED}.Release|Any CPU.Build.0 = Release|Any CPU
		{8F9988DA-A114-4254-92A5-5BFE3BF572E9}.Debug|Any CPU.ActiveCfg = Debug|Any CPU
		{8F9988DA-A114-4254-92A5-5BFE3BF572E9}.Debug|Any CPU.Build.0 = Debug|Any CPU
		{8F9988DA-A114-4254-92A5-5BFE3BF572E9}.Release|Any CPU.ActiveCfg = Release|Any CPU
		{8F9988DA-A114-4254-92A5-5BFE3BF572E9}.Release|Any CPU.Build.0 = Release|Any CPU
		{BEBC8EC0-CC80-4C8C-AE57-8EFB8C6565DF}.Debug|Any CPU.ActiveCfg = Debug|Any CPU
		{BEBC8EC0-CC80-4C8C-AE57-8EFB8C6565DF}.Debug|Any CPU.Build.0 = Debug|Any CPU
		{BEBC8EC0-CC80-4C8C-AE57-8EFB8C6565DF}.Release|Any CPU.ActiveCfg = Release|Any CPU
		{BEBC8EC0-CC80-4C8C-AE57-8EFB8C6565DF}.Release|Any CPU.Build.0 = Release|Any CPU
	EndGlobalSection
	GlobalSection(SolutionProperties) = preSolution
		HideSolutionNode = FALSE
	EndGlobalSection
EndGlobal
